
Microsoft Visual Studio Solution File, Format Version 12.00
# Visual Studio Version 16
VisualStudioVersion = 16.0.30717.126
MinimumVisualStudioVersion = 10.0.40219.1
Project("{8BC9CEB8-8B4A-11D0-8D11-00A0C91BC942}") = "Projet_POO", "Projet_POO.vcxproj", "{89AD8ACD-1989-4DC3-8515-CEB5BFD7C07E}"
EndProject
Global
	GlobalSection(SolutionConfigurationPlatforms) = preSolution
		Debug|x64 = Debug|x64
		Debug|x86 = Debug|x86
		Release|x64 = Release|x64
		Release|x86 = Release|x86
	EndGlobalSection
	GlobalSection(ProjectConfigurationPlatforms) = postSolution
		{89AD8ACD-1989-4DC3-8515-CEB5BFD7C07E}.Debug|x64.ActiveCfg = Debug|x64
		{89AD8ACD-1989-4DC3-8515-CEB5BFD7C07E}.Debug|x64.Build.0 = Debug|x64
		{89AD8ACD-1989-4DC3-8515-CEB5BFD7C07E}.Debug|x86.ActiveCfg = Debug|Win32
		{89AD8ACD-1989-4DC3-8515-CEB5BFD7C07E}.Debug|x86.Build.0 = Debug|Win32
		{89AD8ACD-1989-4DC3-8515-CEB5BFD7C07E}.Release|x64.ActiveCfg = Release|x64
		{89AD8ACD-1989-4DC3-8515-CEB5BFD7C07E}.Release|x64.Build.0 = Release|x64
		{89AD8ACD-1989-4DC3-8515-CEB5BFD7C07E}.Release|x86.ActiveCfg = Release|Win32
		{89AD8ACD-1989-4DC3-8515-CEB5BFD7C07E}.Release|x86.Build.0 = Release|Win32
	EndGlobalSection
	GlobalSection(SolutionProperties) = preSolution
		HideSolutionNode = FALSE
	EndGlobalSection
	GlobalSection(ExtensibilityGlobals) = postSolution
		SolutionGuid = {16C5B4B8-315F-45BB-8542-7F1089A06D20}
	EndGlobalSection
EndGlobal
